
Microsoft Visual Studio Solution File, Format Version 12.00
# Visual Studio 15
Project("{FAE04EC0-301F-11D3-BF4B-00C04F79EFBC}") = "Assembly-CSharp", "Assembly-CSharp.csproj", "{36B5CC2D-5AB4-C2A6-730B-07710FCB3E7B}"
EndProject
Project("{FAE04EC0-301F-11D3-BF4B-00C04F79EFBC}") = "Assembly-CSharp-Editor", "Assembly-CSharp-Editor.csproj", "{A6F4A7A3-C99E-9C2E-6E64-C09D1892A647}"
EndProject
Global
	GlobalSection(SolutionConfigurationPlatforms) = preSolution
		Debug|Any CPU = Debug|Any CPU
		Release|Any CPU = Release|Any CPU
	EndGlobalSection
	GlobalSection(ProjectConfigurationPlatforms) = postSolution
		{36B5CC2D-5AB4-C2A6-730B-07710FCB3E7B}.Debug|Any CPU.ActiveCfg = Debug|Any CPU
		{36B5CC2D-5AB4-C2A6-730B-07710FCB3E7B}.Debug|Any CPU.Build.0 = Debug|Any CPU
		{36B5CC2D-5AB4-C2A6-730B-07710FCB3E7B}.Release|Any CPU.ActiveCfg = Release|Any CPU
		{36B5CC2D-5AB4-C2A6-730B-07710FCB3E7B}.Release|Any CPU.Build.0 = Release|Any CPU
		{A6F4A7A3-C99E-9C2E-6E64-C09D1892A647}.Debug|Any CPU.ActiveCfg = Debug|Any CPU
		{A6F4A7A3-C99E-9C2E-6E64-C09D1892A647}.Debug|Any CPU.Build.0 = Debug|Any CPU
		{A6F4A7A3-C99E-9C2E-6E64-C09D1892A647}.Release|Any CPU.ActiveCfg = Release|Any CPU
		{A6F4A7A3-C99E-9C2E-6E64-C09D1892A647}.Release|Any CPU.Build.0 = Release|Any CPU
	EndGlobalSection
	GlobalSection(SolutionProperties) = preSolution
		HideSolutionNode = FALSE
	EndGlobalSection
EndGlobal
